
Microsoft Visual Studio Solution File, Format Version 12.00
# Visual Studio 14
VisualStudioVersion = 14.0.23107.0
MinimumVisualStudioVersion = 10.0.40219.1
Project("{8BC9CEB8-8B4A-11D0-8D11-00A0C91BC942}") = "ItRules", "ItRules\ItRules.vcxproj", "{C072D8E6-63BF-4444-A6AE-98D489DFBDB1}"
EndProject
Project("{8BC9CEB8-8B4A-11D0-8D11-00A0C91BC942}") = "GoogleTest", "GoogleTest\GoogleTest.vcxproj", "{DA36E2AF-01BC-4223-AAC5-B6B9B068FEAC}"
EndProject
Project("{8BC9CEB8-8B4A-11D0-8D11-00A0C91BC942}") = "ItRulesTest", "ItRulesTest\ItRulesTest.vcxproj", "{46979AB3-1680-487D-A270-D29206670B79}"
EndProject
Global
	GlobalSection(SolutionConfigurationPlatforms) = preSolution
		Debug|x64 = Debug|x64
		Debug|x86 = Debug|x86
		Release|x64 = Release|x64
		Release|x86 = Release|x86
	EndGlobalSection
	GlobalSection(ProjectConfigurationPlatforms) = postSolution
		{C072D8E6-63BF-4444-A6AE-98D489DFBDB1}.Debug|x64.ActiveCfg = Debug|x64
		{C072D8E6-63BF-4444-A6AE-98D489DFBDB1}.Debug|x64.Build.0 = Debug|x64
		{C072D8E6-63BF-4444-A6AE-98D489DFBDB1}.Debug|x86.ActiveCfg = Debug|Win32
		{C072D8E6-63BF-4444-A6AE-98D489DFBDB1}.Debug|x86.Build.0 = Debug|Win32
		{C072D8E6-63BF-4444-A6AE-98D489DFBDB1}.Release|x64.ActiveCfg = Release|x64
		{C072D8E6-63BF-4444-A6AE-98D489DFBDB1}.Release|x64.Build.0 = Release|x64
		{C072D8E6-63BF-4444-A6AE-98D489DFBDB1}.Release|x86.ActiveCfg = Release|Win32
		{C072D8E6-63BF-4444-A6AE-98D489DFBDB1}.Release|x86.Build.0 = Release|Win32
		{DA36E2AF-01BC-4223-AAC5-B6B9B068FEAC}.Debug|x64.ActiveCfg = Debug|x64
		{DA36E2AF-01BC-4223-AAC5-B6B9B068FEAC}.Debug|x64.Build.0 = Debug|x64
		{DA36E2AF-01BC-4223-AAC5-B6B9B068FEAC}.Debug|x86.ActiveCfg = Debug|Win32
		{DA36E2AF-01BC-4223-AAC5-B6B9B068FEAC}.Debug|x86.Build.0 = Debug|Win32
		{DA36E2AF-01BC-4223-AAC5-B6B9B068FEAC}.Release|x64.ActiveCfg = Release|x64
		{DA36E2AF-01BC-4223-AAC5-B6B9B068FEAC}.Release|x64.Build.0 = Release|x64
		{DA36E2AF-01BC-4223-AAC5-B6B9B068FEAC}.Release|x86.ActiveCfg = Release|Win32
		{DA36E2AF-01BC-4223-AAC5-B6B9B068FEAC}.Release|x86.Build.0 = Release|Win32
		{46979AB3-1680-487D-A270-D29206670B79}.Debug|x64.ActiveCfg = Debug|x64
		{46979AB3-1680-487D-A270-D29206670B79}.Debug|x64.Build.0 = Debug|x64
		{46979AB3-1680-487D-A270-D29206670B79}.Debug|x86.ActiveCfg = Debug|Win32
		{46979AB3-1680-487D-A270-D29206670B79}.Debug|x86.Build.0 = Debug|Win32
		{46979AB3-1680-487D-A270-D29206670B79}.Release|x64.ActiveCfg = Release|x64
		{46979AB3-1680-487D-A270-D29206670B79}.Release|x64.Build.0 = Release|x64
		{46979AB3-1680-487D-A270-D29206670B79}.Release|x86.ActiveCfg = Release|Win32
		{46979AB3-1680-487D-A270-D29206670B79}.Release|x86.Build.0 = Release|Win32
	EndGlobalSection
	GlobalSection(SolutionProperties) = preSolution
		HideSolutionNode = FALSE
	EndGlobalSection
EndGlobal
