<?xml version="1.0" encoding="utf-8"?>
<Project ToolsVersion="4.0" xmlns="http://schemas.microsoft.com/developer/msbuild/2003">
  <ItemGroup>
    <Filter Include="Archivos de código fuente">
      <UniqueIdentifier>{4FC737F1-C7A5-4376-A066-2A32D752A2FF}</UniqueIdentifier>
      <Extensions>cpp;c;cc;cxx;def;odl;idl;hpj;bat;asm;asmx</Extensions>
    </Filter>
    <Filter Include="Archivos de encabezado">
      <UniqueIdentifier>{93995380-89BD-4b04-88EB-625FBE52EBFB}</UniqueIdentifier>
      <Extensions>h;hh;hpp;hxx;hm;inl;inc;xsd</Extensions>
    </Filter>
    <Filter Include="Archivos de recursos">
      <UniqueIdentifier>{67DA6AB6-F800-4c08-8B7A-83BB121AAD01}</UniqueIdentifier>
      <Extensions>rc;ico;cur;bmp;dlg;rc2;rct;bin;rgs;gif;jpg;jpeg;jpe;resx;tiff;tif;png;wav;mfcribbon-ms</Extensions>
    </Filter>
    <Filter Include="Archivos de código fuente\engine">
      <UniqueIdentifier>{0124c8fa-e6ad-4e31-bf85-6dfb19b302e3}</UniqueIdentifier>
    </Filter>
    <Filter Include="Archivos de encabezado\engine">
      <UniqueIdentifier>{e7b60f3c-4db5-4353-839e-3b88e7c4ab6a}</UniqueIdentifier>
    </Filter>
    <Filter Include="Archivos de código fuente\parser">
      <UniqueIdentifier>{4d9b4993-d929-4ddd-a272-7f0b783a9004}</UniqueIdentifier>
    </Filter>
    <Filter Include="Archivos de encabezado\parser">
      <UniqueIdentifier>{91fec11f-0791-4b1e-b81b-7a8a4758bf12}</UniqueIdentifier>
    </Filter>
    <Filter Include="Archivos de código fuente\engine\formatters">
      <UniqueIdentifier>{e2cfa1af-9827-4598-9ee2-d32454d65472}</UniqueIdentifier>
    </Filter>
    <Filter Include="Archivos de encabezado\engine\formatters">
      <UniqueIdentifier>{83fd8d91-bbec-4266-aec0-83d3ed1ea4e5}</UniqueIdentifier>
    </Filter>
    <Filter Include="Archivos de código fuente\engine\functions">
      <UniqueIdentifier>{a59f16dc-a0ce-4510-b446-92b33a0300aa}</UniqueIdentifier>
    </Filter>
    <Filter Include="Archivos de encabezado\engine\functions">
      <UniqueIdentifier>{1ba21c69-f969-4254-8b22-9c1ab0a534b7}</UniqueIdentifier>
    </Filter>
    <Filter Include="Archivos de código fuente\engine\model">
      <UniqueIdentifier>{409e8c2f-8613-473e-8978-47c2ef28660c}</UniqueIdentifier>
    </Filter>
    <Filter Include="Archivos de encabezado\engine\model">
      <UniqueIdentifier>{a158ef74-d024-4c3f-8fab-138e1218a8c0}</UniqueIdentifier>
    </Filter>
    <Filter Include="Archivos de código fuente\kernel">
      <UniqueIdentifier>{1a1c2e44-c5d0-4a5d-bf91-4e14780ef95e}</UniqueIdentifier>
    </Filter>
    <Filter Include="Archivos de encabezado\kernel">
      <UniqueIdentifier>{5d782e16-f050-48c2-a3c5-ffd7490c27ca}</UniqueIdentifier>
    </Filter>
    <Filter Include="Archivos de código fuente\engine\formatters\spellings">
      <UniqueIdentifier>{ebfdd2ad-9967-4bf8-9aaa-15f0f7a7e2f5}</UniqueIdentifier>
    </Filter>
    <Filter Include="Archivos de encabezado\engine\formatters\spellings">
      <UniqueIdentifier>{d021d02d-a969-47f2-81f1-9ce41c6e290c}</UniqueIdentifier>
    </Filter>
    <Filter Include="Archivos de código fuente\engine\formatters\inflectors">
      <UniqueIdentifier>{29fc47d2-2058-431e-8e52-ea13e2460ed7}</UniqueIdentifier>
    </Filter>
    <Filter Include="Archivos de encabezado\engine\formatters\inflectors">
      <UniqueIdentifier>{6ebb8050-d7c3-4f82-a107-37212036bfdd}</UniqueIdentifier>
    </Filter>
    <Filter Include="Archivos de código fuente\reader">
      <UniqueIdentifier>{069ad78e-30a0-47e8-b3e3-14664732d9ae}</UniqueIdentifier>
    </Filter>
    <Filter Include="Archivos de encabezado\engine\reader">
      <UniqueIdentifier>{c8de517e-add1-42e7-a293-80945ba63725}</UniqueIdentifier>
    </Filter>
  </ItemGroup>
  <ItemGroup>
    <ClInclude Include="TemplateEngine.h">
      <Filter>Archivos de encabezado\engine</Filter>
    </ClInclude>
    <ClInclude Include="LexicalAnalyzer.h">
      <Filter>Archivos de encabezado\parser</Filter>
    </ClInclude>
    <ClInclude Include="RuleList.h">
      <Filter>Archivos de encabezado\parser</Filter>
    </ClInclude>
    <ClInclude Include="Buffer.h">
      <Filter>Archivos de encabezado\engine</Filter>
    </ClInclude>
    <ClInclude Include="Trigger.h">
      <Filter>Archivos de encabezado\engine</Filter>
    </ClInclude>
    <ClInclude Include="FormatterStore.h">
      <Filter>Archivos de encabezado\engine\formatters</Filter>
    </ClInclude>
    <ClInclude Include="Formatter.h">
      <Filter>Archivos de encabezado\engine\formatters</Filter>
    </ClInclude>
    <ClInclude Include="FunctionStore.h">
      <Filter>Archivos de encabezado\engine\functions</Filter>
    </ClInclude>
    <ClInclude Include="Function.h">
      <Filter>Archivos de encabezado\engine\functions</Filter>
    </ClInclude>
    <ClInclude Include="TypeFunction.h">
      <Filter>Archivos de encabezado\engine\functions</Filter>
    </ClInclude>
    <ClInclude Include="Condition.h">
      <Filter>Archivos de encabezado\engine\model</Filter>
    </ClInclude>
    <ClInclude Include="Expression.h">
      <Filter>Archivos de encabezado\engine\model</Filter>
    </ClInclude>
    <ClInclude Include="Literal.h">
      <Filter>Archivos de encabezado\engine\model</Filter>
    </ClInclude>
    <ClInclude Include="Mark.h">
      <Filter>Archivos de encabezado\engine\model</Filter>
    </ClInclude>
    <ClInclude Include="Rule.h">
      <Filter>Archivos de encabezado\engine\model</Filter>
    </ClInclude>
    <ClInclude Include="Token.h">
      <Filter>Archivos de encabezado\engine\model</Filter>
    </ClInclude>
    <ClInclude Include="AbstractFrame.h">
      <Filter>Archivos de encabezado\engine\model</Filter>
    </ClInclude>
    <ClInclude Include="AbstractMark.h">
      <Filter>Archivos de encabezado\engine\model</Filter>
    </ClInclude>
    <ClInclude Include="CompositeMark.h">
      <Filter>Archivos de encabezado\engine\model</Filter>
    </ClInclude>
    <ClInclude Include="DelegateMark.h">
      <Filter>Archivos de encabezado\engine\model</Filter>
    </ClInclude>
    <ClInclude Include="Frame.h">
      <Filter>Archivos de encabezado\engine\model</Filter>
    </ClInclude>
    <ClInclude Include="PrimitiveFrame.h">
      <Filter>Archivos de encabezado\engine\model</Filter>
    </ClInclude>
    <ClInclude Include="SlotMap.h">
      <Filter>Archivos de encabezado\engine\model</Filter>
    </ClInclude>
    <ClInclude Include="NonFormattingMark.h">
      <Filter>Archivos de encabezado\engine\model</Filter>
    </ClInclude>
    <ClInclude Include="SlotFunction.h">
      <Filter>Archivos de encabezado\engine\functions</Filter>
    </ClInclude>
    <ClInclude Include="StringFormatter.h">
      <Filter>Archivos de encabezado\engine\formatters</Filter>
    </ClInclude>
    <ClInclude Include="DateFormatter.h">
      <Filter>Archivos de encabezado\engine\formatters</Filter>
    </ClInclude>
    <ClInclude Include="TypeSet.h">
      <Filter>Archivos de encabezado\engine\model</Filter>
    </ClInclude>
    <ClInclude Include="TriggerFunction.h">
      <Filter>Archivos de encabezado\engine\functions</Filter>
    </ClInclude>
    <ClInclude Include="ItRules.h">
      <Filter>Archivos de encabezado\kernel</Filter>
    </ClInclude>
    <ClInclude Include="NumberFormatter.h">
      <Filter>Archivos de encabezado\engine\formatters</Filter>
    </ClInclude>
    <ClInclude Include="WordSpelling.h">
      <Filter>Archivos de encabezado\engine\formatters\spellings</Filter>
    </ClInclude>
    <ClInclude Include="ValueFunction.h">
      <Filter>Archivos de encabezado\engine\functions</Filter>
    </ClInclude>
    <ClInclude Include="EnglishSpelling.h">
      <Filter>Archivos de encabezado\engine\formatters</Filter>
    </ClInclude>
    <ClInclude Include="NumberSpellingFormatter.h">
      <Filter>Archivos de encabezado\engine\formatters\spellings</Filter>
    </ClInclude>
    <ClInclude Include="PluralFormatter.h">
      <Filter>Archivos de encabezado\engine\formatters</Filter>
    </ClInclude>
    <ClInclude Include="PluralInflector.h">
      <Filter>Archivos de encabezado\engine\formatters\inflectors</Filter>
    </ClInclude>
    <ClInclude Include="EnglishPluralInflector.h">
      <Filter>Archivos de encabezado\engine\formatters\inflectors</Filter>
    </ClInclude>
    <ClInclude Include="ReplacesMap.h">
      <Filter>Archivos de encabezado\engine\formatters\inflectors</Filter>
    </ClInclude>
    <ClInclude Include="ReplaceString.h">
      <Filter>Archivos de encabezado\engine\formatters\inflectors</Filter>
    </ClInclude>
    <ClInclude Include="ItRulesGrammar.h">
      <Filter>Archivos de encabezado\parser</Filter>
    </ClInclude>
    <ClInclude Include="ItrRulesReader.h">
      <Filter>Archivos de encabezado\engine\reader</Filter>
    </ClInclude>
  </ItemGroup>
  <ItemGroup>
    <ClCompile Include="TemplateEngine.cpp">
      <Filter>Archivos de código fuente\engine</Filter>
    </ClCompile>
    <ClCompile Include="LexicalAnalyzer.cpp">
      <Filter>Archivos de código fuente\parser</Filter>
    </ClCompile>
    <ClCompile Include="RuleList.cpp">
      <Filter>Archivos de código fuente\parser</Filter>
    </ClCompile>
    <ClCompile Include="Buffer.cpp">
      <Filter>Archivos de código fuente\engine</Filter>
    </ClCompile>
    <ClCompile Include="Trigger.cpp">
      <Filter>Archivos de código fuente\engine</Filter>
    </ClCompile>
    <ClCompile Include="FormatterStore.cpp">
      <Filter>Archivos de código fuente\engine\formatters</Filter>
    </ClCompile>
    <ClCompile Include="Formatter.cpp">
      <Filter>Archivos de código fuente\engine\formatters</Filter>
    </ClCompile>
    <ClCompile Include="FunctionStore.cpp">
      <Filter>Archivos de código fuente\engine\functions</Filter>
    </ClCompile>
    <ClCompile Include="Function.cpp">
      <Filter>Archivos de código fuente\engine\functions</Filter>
    </ClCompile>
    <ClCompile Include="TypeFunction.cpp">
      <Filter>Archivos de código fuente\engine\functions</Filter>
    </ClCompile>
    <ClCompile Include="AbstractFrame.cpp">
      <Filter>Archivos de código fuente\engine\model</Filter>
    </ClCompile>
    <ClCompile Include="Condition.cpp">
      <Filter>Archivos de código fuente\engine\model</Filter>
    </ClCompile>
    <ClCompile Include="Expression.cpp">
      <Filter>Archivos de código fuente\engine\model</Filter>
    </ClCompile>
    <ClCompile Include="Mark.cpp">
      <Filter>Archivos de código fuente\engine\model</Filter>
    </ClCompile>
    <ClCompile Include="Rule.cpp">
      <Filter>Archivos de código fuente\engine\model</Filter>
    </ClCompile>
    <ClCompile Include="Token.cpp">
      <Filter>Archivos de código fuente\engine\model</Filter>
    </ClCompile>
    <ClCompile Include="Literal.cpp">
      <Filter>Archivos de código fuente\engine\model</Filter>
    </ClCompile>
    <ClCompile Include="AbstractMark.cpp">
      <Filter>Archivos de código fuente\engine\model</Filter>
    </ClCompile>
    <ClCompile Include="CompositeMark.cpp">
      <Filter>Archivos de código fuente\engine\model</Filter>
    </ClCompile>
    <ClCompile Include="DelegateMark.cpp">
      <Filter>Archivos de código fuente\engine\model</Filter>
    </ClCompile>
    <ClCompile Include="Frame.cpp">
      <Filter>Archivos de código fuente\engine\model</Filter>
    </ClCompile>
    <ClCompile Include="PrimitiveFrame.cpp">
      <Filter>Archivos de código fuente\engine\model</Filter>
    </ClCompile>
    <ClCompile Include="SlotMap.cpp">
      <Filter>Archivos de código fuente\engine\model</Filter>
    </ClCompile>
    <ClCompile Include="NonFormattingMark.cpp">
      <Filter>Archivos de código fuente\engine\model</Filter>
    </ClCompile>
    <ClCompile Include="SlotFunction.cpp">
      <Filter>Archivos de código fuente\engine\functions</Filter>
    </ClCompile>
    <ClCompile Include="TypeSet.cpp">
      <Filter>Archivos de código fuente\engine\model</Filter>
    </ClCompile>
    <ClCompile Include="StringFormatter.cpp">
      <Filter>Archivos de código fuente\engine\formatters</Filter>
    </ClCompile>
    <ClCompile Include="DateFormatter.cpp">
      <Filter>Archivos de código fuente\engine\formatters</Filter>
    </ClCompile>
    <ClCompile Include="TriggerFunction.cpp">
      <Filter>Archivos de código fuente\engine\functions</Filter>
    </ClCompile>
    <ClCompile Include="WordSpelling.cpp">
      <Filter>Archivos de código fuente\engine\formatters\spellings</Filter>
    </ClCompile>
    <ClCompile Include="EnglishSpelling.cpp">
      <Filter>Archivos de código fuente\engine\formatters\spellings</Filter>
    </ClCompile>
    <ClCompile Include="NumberSpellingFormatter.cpp">
      <Filter>Archivos de código fuente\engine\formatters\spellings</Filter>
    </ClCompile>
    <ClCompile Include="ValueFunction.cpp">
      <Filter>Archivos de código fuente\engine\functions</Filter>
    </ClCompile>
    <ClCompile Include="PluralFormatter.cpp">
      <Filter>Archivos de código fuente\engine\formatters</Filter>
    </ClCompile>
    <ClCompile Include="PluralInflector.cpp">
      <Filter>Archivos de código fuente\engine\formatters\inflectors</Filter>
    </ClCompile>
    <ClCompile Include="EnglishPluralInflector.cpp">
      <Filter>Archivos de código fuente\engine\formatters\inflectors</Filter>
    </ClCompile>
    <ClCompile Include="NumberFormatter.cpp">
      <Filter>Archivos de código fuente\engine\formatters</Filter>
    </ClCompile>
    <ClCompile Include="ReplacesMap.cpp">
      <Filter>Archivos de código fuente\engine\formatters\inflectors</Filter>
    </ClCompile>
    <ClCompile Include="ReplaceString.cpp">
      <Filter>Archivos de código fuente\engine\formatters\inflectors</Filter>
    </ClCompile>
    <ClCompile Include="ItRulesGrammar.cpp">
      <Filter>Archivos de código fuente\parser</Filter>
    </ClCompile>
    <ClCompile Include="ItrRulesReader.cpp">
      <Filter>Archivos de código fuente\reader</Filter>
    </ClCompile>
  </ItemGroup>
  <ItemGroup>
    <None Include="ClassDiagram.cd" />
  </ItemGroup>
</Project>